
Microsoft Visual Studio Solution File, Format Version 12.00
# Visual Studio Version 17
VisualStudioVersion = 17.5.002.0
MinimumVisualStudioVersion = 10.0.40219.1
Project("{9A19103F-16F7-4668-BE54-9A1E7A4F7556}") = "KarpicentroWeb", "KarpicentroWeb.csproj", "{E849BBB4-872A-4958-BD48-D40C1ABA91B9}"
EndProject
Global
	GlobalSection(SolutionConfigurationPlatforms) = preSolution
		Debug|Any CPU = Debug|Any CPU
		Release|Any CPU = Release|Any CPU
	EndGlobalSection
	GlobalSection(ProjectConfigurationPlatforms) = postSolution
		{E849BBB4-872A-4958-BD48-D40C1ABA91B9}.Debug|Any CPU.ActiveCfg = Debug|Any CPU
		{E849BBB4-872A-4958-BD48-D40C1ABA91B9}.Debug|Any CPU.Build.0 = Debug|Any CPU
		{E849BBB4-872A-4958-BD48-D40C1ABA91B9}.Release|Any CPU.ActiveCfg = Release|Any CPU
		{E849BBB4-872A-4958-BD48-D40C1ABA91B9}.Release|Any CPU.Build.0 = Release|Any CPU
	EndGlobalSection
	GlobalSection(SolutionProperties) = preSolution
		HideSolutionNode = FALSE
	EndGlobalSection
	GlobalSection(ExtensibilityGlobals) = postSolution
		SolutionGuid = {CD4032D2-F0B9-464D-B630-BA424FDE21B2}
	EndGlobalSection
EndGlobal
